
Microsoft Visual Studio Solution File, Format Version 12.00
# Visual Studio Version 17
VisualStudioVersion = 17.5.33516.290
MinimumVisualStudioVersion = 10.0.40219.1
Project("{9A19103F-16F7-4668-BE54-9A1E7A4F7556}") = "Ambitus", "Ambitus\Ambitus.csproj", "{26A3D633-CEEE-408B-BC0C-E094C3942DC8}"
	ProjectSection(ProjectDependencies) = postProject
		{16E47D6F-3D67-4A70-A159-B5E85D56AF72} = {16E47D6F-3D67-4A70-A159-B5E85D56AF72}
	EndProjectSection
EndProject
Project("{9A19103F-16F7-4668-BE54-9A1E7A4F7556}") = "Entidades", "Entidades\Entidades.csproj", "{16E47D6F-3D67-4A70-A159-B5E85D56AF72}"
EndProject
Global
	GlobalSection(SolutionConfigurationPlatforms) = preSolution
		Debug|Any CPU = Debug|Any CPU
		Release|Any CPU = Release|Any CPU
	EndGlobalSection
	GlobalSection(ProjectConfigurationPlatforms) = postSolution
		{26A3D633-CEEE-408B-BC0C-E094C3942DC8}.Debug|Any CPU.ActiveCfg = Debug|Any CPU
		{26A3D633-CEEE-408B-BC0C-E094C3942DC8}.Debug|Any CPU.Build.0 = Debug|Any CPU
		{26A3D633-CEEE-408B-BC0C-E094C3942DC8}.Release|Any CPU.ActiveCfg = Release|Any CPU
		{26A3D633-CEEE-408B-BC0C-E094C3942DC8}.Release|Any CPU.Build.0 = Release|Any CPU
		{16E47D6F-3D67-4A70-A159-B5E85D56AF72}.Debug|Any CPU.ActiveCfg = Debug|Any CPU
		{16E47D6F-3D67-4A70-A159-B5E85D56AF72}.Debug|Any CPU.Build.0 = Debug|Any CPU
		{16E47D6F-3D67-4A70-A159-B5E85D56AF72}.Release|Any CPU.ActiveCfg = Release|Any CPU
		{16E47D6F-3D67-4A70-A159-B5E85D56AF72}.Release|Any CPU.Build.0 = Release|Any CPU
	EndGlobalSection
	GlobalSection(SolutionProperties) = preSolution
		HideSolutionNode = FALSE
	EndGlobalSection
	GlobalSection(ExtensibilityGlobals) = postSolution
		SolutionGuid = {9E856EA0-DCA9-4093-8FA6-6E73A163EF1E}
	EndGlobalSection
EndGlobal
